
Microsoft Visual Studio Solution File, Format Version 12.00
# Visual Studio Version 16
VisualStudioVersion = 16.0.31112.23
MinimumVisualStudioVersion = 10.0.40219.1
Project("{FAE04EC0-301F-11D3-BF4B-00C04F79EFBC}") = "FizzBuzzGame", "FizzBuzzGame\FizzBuzzGame.csproj", "{B2509825-51A3-4A3F-85D2-09235A500B1A}"
EndProject
Global
	GlobalSection(SolutionConfigurationPlatforms) = preSolution
		Debug|Any CPU = Debug|Any CPU
		Release|Any CPU = Release|Any CPU
	EndGlobalSection
	GlobalSection(ProjectConfigurationPlatforms) = postSolution
		{B2509825-51A3-4A3F-85D2-09235A500B1A}.Debug|Any CPU.ActiveCfg = Debug|Any CPU
		{B2509825-51A3-4A3F-85D2-09235A500B1A}.Debug|Any CPU.Build.0 = Debug|Any CPU
		{B2509825-51A3-4A3F-85D2-09235A500B1A}.Release|Any CPU.ActiveCfg = Release|Any CPU
		{B2509825-51A3-4A3F-85D2-09235A500B1A}.Release|Any CPU.Build.0 = Release|Any CPU
	EndGlobalSection
	GlobalSection(SolutionProperties) = preSolution
		HideSolutionNode = FALSE
	EndGlobalSection
	GlobalSection(ExtensibilityGlobals) = postSolution
		SolutionGuid = {89074E0B-7D97-4009-A37B-4684FAC70FAE}
	EndGlobalSection
EndGlobal
